// !$*UTF8*$!
{
	archiveVersion = 1;
	classes = {
	};
	objectVersion = 56;
	objects = {

/* Begin PBXBuildFile section */
		340DB5F82B5CE6140075A0BB /* ActionToggleView.swift in Sources */ = {isa = PBXBuildFile; fileRef = 340DB5F72B5CE6140075A0BB /* ActionToggleView.swift */; };
		34195DA12AAC25A000EA2FFA /* HomeView.swift in Sources */ = {isa = PBXBuildFile; fileRef = 34195DA02AAC25A000EA2FFA /* HomeView.swift */; };
		34195DA32AAC2BFB00EA2FFA /* BackgroundView.swift in Sources */ = {isa = PBXBuildFile; fileRef = 34195DA22AAC2BFB00EA2FFA /* BackgroundView.swift */; };
		34205B402AAD36B00083E6C2 /* SettingsView.swift in Sources */ = {isa = PBXBuildFile; fileRef = 34205B3F2AAD36B00083E6C2 /* SettingsView.swift */; };
		34205B432AAD61990083E6C2 /* SubmenuToolbarView.swift in Sources */ = {isa = PBXBuildFile; fileRef = 34205B422AAD61990083E6C2 /* SubmenuToolbarView.swift */; };
		34205B452AADAC5C0083E6C2 /* ActionCreationView.swift in Sources */ = {isa = PBXBuildFile; fileRef = 34205B442AADAC5C0083E6C2 /* ActionCreationView.swift */; };
		342347022AA9630400A287E2 /* DequeueApp.swift in Sources */ = {isa = PBXBuildFile; fileRef = 342347012AA9630400A287E2 /* DequeueApp.swift */; };
		342347042AA9630400A287E2 /* ContentView.swift in Sources */ = {isa = PBXBuildFile; fileRef = 342347032AA9630400A287E2 /* ContentView.swift */; };
		342347062AA9630500A287E2 /* Assets.xcassets in Resources */ = {isa = PBXBuildFile; fileRef = 342347052AA9630500A287E2 /* Assets.xcassets */; };
		342347092AA9630500A287E2 /* Preview Assets.xcassets in Resources */ = {isa = PBXBuildFile; fileRef = 342347082AA9630500A287E2 /* Preview Assets.xcassets */; };
		342347132AA9630500A287E2 /* DequeueTests.swift in Sources */ = {isa = PBXBuildFile; fileRef = 342347122AA9630500A287E2 /* DequeueTests.swift */; };
		3423471D2AA9630500A287E2 /* DequeueUITests.swift in Sources */ = {isa = PBXBuildFile; fileRef = 3423471C2AA9630500A287E2 /* DequeueUITests.swift */; };
		3423471F2AA9630500A287E2 /* DequeueUITestsLaunchTests.swift in Sources */ = {isa = PBXBuildFile; fileRef = 3423471E2AA9630500A287E2 /* DequeueUITestsLaunchTests.swift */; };
		3423472C2AA967DF00A287E2 /* HostScanning.swift in Sources */ = {isa = PBXBuildFile; fileRef = 3423472B2AA967DF00A287E2 /* HostScanning.swift */; };
		3423472F2AAA144400A287E2 /* ConnectToHostView.swift in Sources */ = {isa = PBXBuildFile; fileRef = 3423472E2AAA144400A287E2 /* ConnectToHostView.swift */; };
		342347312AAA408A00A287E2 /* QRCodeScannerView.swift in Sources */ = {isa = PBXBuildFile; fileRef = 342347302AAA408A00A287E2 /* QRCodeScannerView.swift */; };
		342347342AAA461D00A287E2 /* CodeScanner in Frameworks */ = {isa = PBXBuildFile; productRef = 342347332AAA461D00A287E2 /* CodeScanner */; };
		34546AD02ADAFCA90065E86D /* SwiftUIGIF in Frameworks */ = {isa = PBXBuildFile; productRef = 34546ACF2ADAFCA90065E86D /* SwiftUIGIF */; };
		34546AD62ADB06640065E86D /* SDWebImageSwiftUI in Frameworks */ = {isa = PBXBuildFile; productRef = 34546AD52ADB06640065E86D /* SDWebImageSwiftUI */; };
		34546AD92ADB06BD0065E86D /* OnboardingAnimation.png in Resources */ = {isa = PBXBuildFile; fileRef = 34546AD82ADB06BC0065E86D /* OnboardingAnimation.png */; };
		3455B1572B4DA6F40049AAEC /* ActionKnobView.swift in Sources */ = {isa = PBXBuildFile; fileRef = 3455B1562B4DA6F40049AAEC /* ActionKnobView.swift */; };
		346FA4E02AC0C7E400215CEE /* AppState.swift in Sources */ = {isa = PBXBuildFile; fileRef = 346FA4DF2AC0C7E400215CEE /* AppState.swift */; };
		346FA4E22AC0DF0B00215CEE /* CustomIconPickerView.swift in Sources */ = {isa = PBXBuildFile; fileRef = 346FA4E12AC0DF0B00215CEE /* CustomIconPickerView.swift */; };
		349F79712AAC416C003062D8 /* ToolbarView.swift in Sources */ = {isa = PBXBuildFile; fileRef = 349F79702AAC416C003062D8 /* ToolbarView.swift */; };
		34B0E0452B366CD600672566 /* VolumeKnob.swift in Sources */ = {isa = PBXBuildFile; fileRef = 34B0E0442B366CD600672566 /* VolumeKnob.swift */; };
		34C0AC1F2B33D7FD009D23C1 /* ActionButtonView.swift in Sources */ = {isa = PBXBuildFile; fileRef = 34C0AC1E2B33D7FD009D23C1 /* ActionButtonView.swift */; };
		34C1000D2AAE991F003F048E /* SymbolPicker in Frameworks */ = {isa = PBXBuildFile; productRef = 34C1000C2AAE991F003F048E /* SymbolPicker */; };
		34C100102AAEB0BF003F048E /* SystemImagePicker in Frameworks */ = {isa = PBXBuildFile; productRef = 34C1000F2AAEB0BF003F048E /* SystemImagePicker */; };
		34C2A4142B4EEF5B003FDCB6 /* ActionSlot.swift in Sources */ = {isa = PBXBuildFile; fileRef = 34C2A4132B4EEF5B003FDCB6 /* ActionSlot.swift */; };
		34DA58F12AAF898000834982 /* HostController.swift in Sources */ = {isa = PBXBuildFile; fileRef = 34DA58F02AAF898000834982 /* HostController.swift */; };
		34DA58F32AB0D92500834982 /* Extensions.swift in Sources */ = {isa = PBXBuildFile; fileRef = 34DA58F22AB0D92500834982 /* Extensions.swift */; };
		34DA58F62AB233ED00834982 /* BackgroundSettingsView.swift in Sources */ = {isa = PBXBuildFile; fileRef = 34DA58F52AB233ED00834982 /* BackgroundSettingsView.swift */; };
		34DBD2572AAA761F00C7D641 /* CustomColors.swift in Sources */ = {isa = PBXBuildFile; fileRef = 34DBD2562AAA761F00C7D641 /* CustomColors.swift */; };
		34E547002B44B47200177A21 /* TestView.swift in Sources */ = {isa = PBXBuildFile; fileRef = 34E546FF2B44B47200177A21 /* TestView.swift */; };
		34FED8C32B54932D00D11652 /* ActionPage.swift in Sources */ = {isa = PBXBuildFile; fileRef = 34FED8C22B54932D00D11652 /* ActionPage.swift */; };
		34FF80D32AD67122006A6F2E /* OnboardingView.swift in Sources */ = {isa = PBXBuildFile; fileRef = 34FF80D22AD67122006A6F2E /* OnboardingView.swift */; };
/* End PBXBuildFile section */

/* Begin PBXContainerItemProxy section */
		3423470F2AA9630500A287E2 /* PBXContainerItemProxy */ = {
			isa = PBXContainerItemProxy;
			containerPortal = 342346F62AA9630400A287E2 /* Project object */;
			proxyType = 1;
			remoteGlobalIDString = 342346FD2AA9630400A287E2;
			remoteInfo = Dequeue;
		};
		342347192AA9630500A287E2 /* PBXContainerItemProxy */ = {
			isa = PBXContainerItemProxy;
			containerPortal = 342346F62AA9630400A287E2 /* Project object */;
			proxyType = 1;
			remoteGlobalIDString = 342346FD2AA9630400A287E2;
			remoteInfo = Dequeue;
		};
/* End PBXContainerItemProxy section */

/* Begin PBXFileReference section */
		340DB5F72B5CE6140075A0BB /* ActionToggleView.swift */ = {isa = PBXFileReference; lastKnownFileType = sourcecode.swift; path = ActionToggleView.swift; sourceTree = "<group>"; };
		34195DA02AAC25A000EA2FFA /* HomeView.swift */ = {isa = PBXFileReference; lastKnownFileType = sourcecode.swift; path = HomeView.swift; sourceTree = "<group>"; };
		34195DA22AAC2BFB00EA2FFA /* BackgroundView.swift */ = {isa = PBXFileReference; lastKnownFileType = sourcecode.swift; path = BackgroundView.swift; sourceTree = "<group>"; };
		34205B3F2AAD36B00083E6C2 /* SettingsView.swift */ = {isa = PBXFileReference; lastKnownFileType = sourcecode.swift; path = SettingsView.swift; sourceTree = "<group>"; };
		34205B412AAD57680083E6C2 /* Info.plist */ = {isa = PBXFileReference; lastKnownFileType = text.plist; path = Info.plist; sourceTree = "<group>"; };
		34205B422AAD61990083E6C2 /* SubmenuToolbarView.swift */ = {isa = PBXFileReference; lastKnownFileType = sourcecode.swift; path = SubmenuToolbarView.swift; sourceTree = "<group>"; };
		34205B442AADAC5C0083E6C2 /* ActionCreationView.swift */ = {isa = PBXFileReference; lastKnownFileType = sourcecode.swift; path = ActionCreationView.swift; sourceTree = "<group>"; };
		342346FE2AA9630400A287E2 /* Dequeue.app */ = {isa = PBXFileReference; explicitFileType = wrapper.application; includeInIndex = 0; path = Dequeue.app; sourceTree = BUILT_PRODUCTS_DIR; };
		342347012AA9630400A287E2 /* DequeueApp.swift */ = {isa = PBXFileReference; lastKnownFileType = sourcecode.swift; path = DequeueApp.swift; sourceTree = "<group>"; };
		342347032AA9630400A287E2 /* ContentView.swift */ = {isa = PBXFileReference; lastKnownFileType = sourcecode.swift; path = ContentView.swift; sourceTree = "<group>"; };
		342347052AA9630500A287E2 /* Assets.xcassets */ = {isa = PBXFileReference; lastKnownFileType = folder.assetcatalog; path = Assets.xcassets; sourceTree = "<group>"; };
		342347082AA9630500A287E2 /* Preview Assets.xcassets */ = {isa = PBXFileReference; lastKnownFileType = folder.assetcatalog; path = "Preview Assets.xcassets"; sourceTree = "<group>"; };
		3423470E2AA9630500A287E2 /* DequeueTests.xctest */ = {isa = PBXFileReference; explicitFileType = wrapper.cfbundle; includeInIndex = 0; path = DequeueTests.xctest; sourceTree = BUILT_PRODUCTS_DIR; };
		342347122AA9630500A287E2 /* DequeueTests.swift */ = {isa = PBXFileReference; lastKnownFileType = sourcecode.swift; path = DequeueTests.swift; sourceTree = "<group>"; };
		342347182AA9630500A287E2 /* DequeueUITests.xctest */ = {isa = PBXFileReference; explicitFileType = wrapper.cfbundle; includeInIndex = 0; path = DequeueUITests.xctest; sourceTree = BUILT_PRODUCTS_DIR; };
		3423471C2AA9630500A287E2 /* DequeueUITests.swift */ = {isa = PBXFileReference; lastKnownFileType = sourcecode.swift; path = DequeueUITests.swift; sourceTree = "<group>"; };
		3423471E2AA9630500A287E2 /* DequeueUITestsLaunchTests.swift */ = {isa = PBXFileReference; lastKnownFileType = sourcecode.swift; path = DequeueUITestsLaunchTests.swift; sourceTree = "<group>"; };
		3423472B2AA967DF00A287E2 /* HostScanning.swift */ = {isa = PBXFileReference; lastKnownFileType = sourcecode.swift; path = HostScanning.swift; sourceTree = "<group>"; };
		3423472E2AAA144400A287E2 /* ConnectToHostView.swift */ = {isa = PBXFileReference; lastKnownFileType = sourcecode.swift; path = ConnectToHostView.swift; sourceTree = "<group>"; };
		342347302AAA408A00A287E2 /* QRCodeScannerView.swift */ = {isa = PBXFileReference; lastKnownFileType = sourcecode.swift; path = QRCodeScannerView.swift; sourceTree = "<group>"; };
		34546AD82ADB06BC0065E86D /* OnboardingAnimation.png */ = {isa = PBXFileReference; lastKnownFileType = image.png; name = OnboardingAnimation.png; path = ../../../OnboardingAnimation.png; sourceTree = "<group>"; };
		3455B1562B4DA6F40049AAEC /* ActionKnobView.swift */ = {isa = PBXFileReference; lastKnownFileType = sourcecode.swift; path = ActionKnobView.swift; sourceTree = "<group>"; };
		346FA4DF2AC0C7E400215CEE /* AppState.swift */ = {isa = PBXFileReference; lastKnownFileType = sourcecode.swift; path = AppState.swift; sourceTree = "<group>"; };
		346FA4E12AC0DF0B00215CEE /* CustomIconPickerView.swift */ = {isa = PBXFileReference; lastKnownFileType = sourcecode.swift; path = CustomIconPickerView.swift; sourceTree = "<group>"; };
		349F79702AAC416C003062D8 /* ToolbarView.swift */ = {isa = PBXFileReference; lastKnownFileType = sourcecode.swift; path = ToolbarView.swift; sourceTree = "<group>"; };
		34B0E0442B366CD600672566 /* VolumeKnob.swift */ = {isa = PBXFileReference; lastKnownFileType = sourcecode.swift; path = VolumeKnob.swift; sourceTree = "<group>"; };
		34C0AC1E2B33D7FD009D23C1 /* ActionButtonView.swift */ = {isa = PBXFileReference; lastKnownFileType = sourcecode.swift; path = ActionButtonView.swift; sourceTree = "<group>"; };
		34C2A4132B4EEF5B003FDCB6 /* ActionSlot.swift */ = {isa = PBXFileReference; lastKnownFileType = sourcecode.swift; path = ActionSlot.swift; sourceTree = "<group>"; };
		34DA58F02AAF898000834982 /* HostController.swift */ = {isa = PBXFileReference; lastKnownFileType = sourcecode.swift; path = HostController.swift; sourceTree = "<group>"; };
		34DA58F22AB0D92500834982 /* Extensions.swift */ = {isa = PBXFileReference; lastKnownFileType = sourcecode.swift; path = Extensions.swift; sourceTree = "<group>"; };
		34DA58F52AB233ED00834982 /* BackgroundSettingsView.swift */ = {isa = PBXFileReference; lastKnownFileType = sourcecode.swift; path = BackgroundSettingsView.swift; sourceTree = "<group>"; };
		34DBD2562AAA761F00C7D641 /* CustomColors.swift */ = {isa = PBXFileReference; lastKnownFileType = sourcecode.swift; path = CustomColors.swift; sourceTree = "<group>"; };
		34E546FF2B44B47200177A21 /* TestView.swift */ = {isa = PBXFileReference; lastKnownFileType = sourcecode.swift; path = TestView.swift; sourceTree = "<group>"; };
		34FED8C22B54932D00D11652 /* ActionPage.swift */ = {isa = PBXFileReference; lastKnownFileType = sourcecode.swift; path = ActionPage.swift; sourceTree = "<group>"; };
		34FF80D22AD67122006A6F2E /* OnboardingView.swift */ = {isa = PBXFileReference; lastKnownFileType = sourcecode.swift; path = OnboardingView.swift; sourceTree = "<group>"; };
/* End PBXFileReference section */

/* Begin PBXFrameworksBuildPhase section */
		342346FB2AA9630400A287E2 /* Frameworks */ = {
			isa = PBXFrameworksBuildPhase;
			buildActionMask = 2147483647;
			files = (
				34546AD62ADB06640065E86D /* SDWebImageSwiftUI in Frameworks */,
				34C1000D2AAE991F003F048E /* SymbolPicker in Frameworks */,
				342347342AAA461D00A287E2 /* CodeScanner in Frameworks */,
				34C100102AAEB0BF003F048E /* SystemImagePicker in Frameworks */,
				34546AD02ADAFCA90065E86D /* SwiftUIGIF in Frameworks */,
			);
			runOnlyForDeploymentPostprocessing = 0;
		};
		3423470B2AA9630500A287E2 /* Frameworks */ = {
			isa = PBXFrameworksBuildPhase;
			buildActionMask = 2147483647;
			files = (
			);
			runOnlyForDeploymentPostprocessing = 0;
		};
		342347152AA9630500A287E2 /* Frameworks */ = {
			isa = PBXFrameworksBuildPhase;
			buildActionMask = 2147483647;
			files = (
			);
			runOnlyForDeploymentPostprocessing = 0;
		};
/* End PBXFrameworksBuildPhase section */

/* Begin PBXGroup section */
		342346F52AA9630400A287E2 = {
			isa = PBXGroup;
			children = (
				34E546FF2B44B47200177A21 /* TestView.swift */,
				34B0E0442B366CD600672566 /* VolumeKnob.swift */,
				34546AD72ADB06AF0065E86D /* AnimatedImages */,
				342347002AA9630400A287E2 /* Dequeue */,
				342347112AA9630500A287E2 /* DequeueTests */,
				3423471B2AA9630500A287E2 /* DequeueUITests */,
				342346FF2AA9630400A287E2 /* Products */,
			);
			sourceTree = "<group>";
		};
		342346FF2AA9630400A287E2 /* Products */ = {
			isa = PBXGroup;
			children = (
				342346FE2AA9630400A287E2 /* Dequeue.app */,
				3423470E2AA9630500A287E2 /* DequeueTests.xctest */,
				342347182AA9630500A287E2 /* DequeueUITests.xctest */,
			);
			name = Products;
			sourceTree = "<group>";
		};
		342347002AA9630400A287E2 /* Dequeue */ = {
			isa = PBXGroup;
			children = (
				34DA58F22AB0D92500834982 /* Extensions.swift */,
				34205B412AAD57680083E6C2 /* Info.plist */,
				3423472D2AA967F500A287E2 /* Views */,
				342347052AA9630500A287E2 /* Assets.xcassets */,
				342347072AA9630500A287E2 /* Preview Content */,
				346FA4DF2AC0C7E400215CEE /* AppState.swift */,
				3423472B2AA967DF00A287E2 /* HostScanning.swift */,
				34DA58F02AAF898000834982 /* HostController.swift */,
				34FED8C42B5498C300D11652 /* Models */,
				34DBD2562AAA761F00C7D641 /* CustomColors.swift */,
			);
			path = Dequeue;
			sourceTree = "<group>";
		};
		342347072AA9630500A287E2 /* Preview Content */ = {
			isa = PBXGroup;
			children = (
				342347082AA9630500A287E2 /* Preview Assets.xcassets */,
			);
			path = "Preview Content";
			sourceTree = "<group>";
		};
		342347112AA9630500A287E2 /* DequeueTests */ = {
			isa = PBXGroup;
			children = (
				342347122AA9630500A287E2 /* DequeueTests.swift */,
			);
			path = DequeueTests;
			sourceTree = "<group>";
		};
		3423471B2AA9630500A287E2 /* DequeueUITests */ = {
			isa = PBXGroup;
			children = (
				3423471C2AA9630500A287E2 /* DequeueUITests.swift */,
				3423471E2AA9630500A287E2 /* DequeueUITestsLaunchTests.swift */,
			);
			path = DequeueUITests;
			sourceTree = "<group>";
		};
		3423472D2AA967F500A287E2 /* Views */ = {
			isa = PBXGroup;
			children = (
				34C2A4122B4E2708003FDCB6 /* Actions */,
				34DA58F42AB233B600834982 /* Settings */,
				34205B422AAD61990083E6C2 /* SubmenuToolbarView.swift */,
				3441FFF12AC24127007D4697 /* Action Creation */,
				342347012AA9630400A287E2 /* DequeueApp.swift */,
				3441FFF22AC24150007D4697 /* Connection */,
				342347032AA9630400A287E2 /* ContentView.swift */,
				34FF80D22AD67122006A6F2E /* OnboardingView.swift */,
				34195DA02AAC25A000EA2FFA /* HomeView.swift */,
				34195DA22AAC2BFB00EA2FFA /* BackgroundView.swift */,
				349F79702AAC416C003062D8 /* ToolbarView.swift */,
			);
			path = Views;
			sourceTree = "<group>";
		};
		3441FFF12AC24127007D4697 /* Action Creation */ = {
			isa = PBXGroup;
			children = (
				34205B442AADAC5C0083E6C2 /* ActionCreationView.swift */,
				346FA4E12AC0DF0B00215CEE /* CustomIconPickerView.swift */,
			);
			path = "Action Creation";
			sourceTree = "<group>";
		};
		3441FFF22AC24150007D4697 /* Connection */ = {
			isa = PBXGroup;
			children = (
				342347302AAA408A00A287E2 /* QRCodeScannerView.swift */,
				3423472E2AAA144400A287E2 /* ConnectToHostView.swift */,
			);
			path = Connection;
			sourceTree = "<group>";
		};
		34546AD72ADB06AF0065E86D /* AnimatedImages */ = {
			isa = PBXGroup;
			children = (
				34546AD82ADB06BC0065E86D /* OnboardingAnimation.png */,
			);
			path = AnimatedImages;
			sourceTree = "<group>";
		};
		34C2A4122B4E2708003FDCB6 /* Actions */ = {
			isa = PBXGroup;
			children = (
				3455B1562B4DA6F40049AAEC /* ActionKnobView.swift */,
				34C0AC1E2B33D7FD009D23C1 /* ActionButtonView.swift */,
				34C2A4132B4EEF5B003FDCB6 /* ActionSlot.swift */,
				340DB5F72B5CE6140075A0BB /* ActionToggleView.swift */,
			);
			path = Actions;
			sourceTree = "<group>";
		};
		34DA58F42AB233B600834982 /* Settings */ = {
			isa = PBXGroup;
			children = (
				34205B3F2AAD36B00083E6C2 /* SettingsView.swift */,
				34DA58F52AB233ED00834982 /* BackgroundSettingsView.swift */,
			);
			path = Settings;
			sourceTree = "<group>";
		};
		34FED8C42B5498C300D11652 /* Models */ = {
			isa = PBXGroup;
			children = (
				34FED8C22B54932D00D11652 /* ActionPage.swift */,
			);
			path = Models;
			sourceTree = "<group>";
		};
/* End PBXGroup section */

/* Begin PBXNativeTarget section */
		342346FD2AA9630400A287E2 /* Dequeue */ = {
			isa = PBXNativeTarget;
			buildConfigurationList = 342347222AA9630500A287E2 /* Build configuration list for PBXNativeTarget "Dequeue" */;
			buildPhases = (
				342346FA2AA9630400A287E2 /* Sources */,
				342346FB2AA9630400A287E2 /* Frameworks */,
				342346FC2AA9630400A287E2 /* Resources */,
			);
			buildRules = (
			);
			dependencies = (
			);
			name = Dequeue;
			packageProductDependencies = (
				342347332AAA461D00A287E2 /* CodeScanner */,
				34C1000C2AAE991F003F048E /* SymbolPicker */,
				34C1000F2AAEB0BF003F048E /* SystemImagePicker */,
				34546ACF2ADAFCA90065E86D /* SwiftUIGIF */,
				34546AD52ADB06640065E86D /* SDWebImageSwiftUI */,
			);
			productName = Dequeue;
			productReference = 342346FE2AA9630400A287E2 /* Dequeue.app */;
			productType = "com.apple.product-type.application";
		};
		3423470D2AA9630500A287E2 /* DequeueTests */ = {
			isa = PBXNativeTarget;
			buildConfigurationList = 342347252AA9630500A287E2 /* Build configuration list for PBXNativeTarget "DequeueTests" */;
			buildPhases = (
				3423470A2AA9630500A287E2 /* Sources */,
				3423470B2AA9630500A287E2 /* Frameworks */,
				3423470C2AA9630500A287E2 /* Resources */,
			);
			buildRules = (
			);
			dependencies = (
				342347102AA9630500A287E2 /* PBXTargetDependency */,
			);
			name = DequeueTests;
			productName = DequeueTests;
			productReference = 3423470E2AA9630500A287E2 /* DequeueTests.xctest */;
			productType = "com.apple.product-type.bundle.unit-test";
		};
		342347172AA9630500A287E2 /* DequeueUITests */ = {
			isa = PBXNativeTarget;
			buildConfigurationList = 342347282AA9630500A287E2 /* Build configuration list for PBXNativeTarget "DequeueUITests" */;
			buildPhases = (
				342347142AA9630500A287E2 /* Sources */,
				342347152AA9630500A287E2 /* Frameworks */,
				342347162AA9630500A287E2 /* Resources */,
			);
			buildRules = (
			);
			dependencies = (
				3423471A2AA9630500A287E2 /* PBXTargetDependency */,
			);
			name = DequeueUITests;
			productName = DequeueUITests;
			productReference = 342347182AA9630500A287E2 /* DequeueUITests.xctest */;
			productType = "com.apple.product-type.bundle.ui-testing";
		};
/* End PBXNativeTarget section */

/* Begin PBXProject section */
		342346F62AA9630400A287E2 /* Project object */ = {
			isa = PBXProject;
			attributes = {
				BuildIndependentTargetsInParallel = 1;
				LastSwiftUpdateCheck = 1430;
				LastUpgradeCheck = 1500;
				TargetAttributes = {
					342346FD2AA9630400A287E2 = {
						CreatedOnToolsVersion = 14.3.1;
					};
					3423470D2AA9630500A287E2 = {
						CreatedOnToolsVersion = 14.3.1;
						TestTargetID = 342346FD2AA9630400A287E2;
					};
					342347172AA9630500A287E2 = {
						CreatedOnToolsVersion = 14.3.1;
						TestTargetID = 342346FD2AA9630400A287E2;
					};
				};
			};
			buildConfigurationList = 342346F92AA9630400A287E2 /* Build configuration list for PBXProject "Dequeue" */;
			compatibilityVersion = "Xcode 14.0";
			developmentRegion = en;
			hasScannedForEncodings = 0;
			knownRegions = (
				en,
				Base,
			);
			mainGroup = 342346F52AA9630400A287E2;
			packageReferences = (
				342347322AAA461D00A287E2 /* XCRemoteSwiftPackageReference "CodeScanner" */,
				34C1000B2AAE991F003F048E /* XCRemoteSwiftPackageReference "SymbolPicker" */,
				34C1000E2AAEB0BF003F048E /* XCRemoteSwiftPackageReference "SystemImagePicker" */,
				34546ACE2ADAFCA90065E86D /* XCRemoteSwiftPackageReference "swiftui-gif" */,
				34546AD42ADB06640065E86D /* XCRemoteSwiftPackageReference "SDWebImageSwiftUI" */,
			);
			productRefGroup = 342346FF2AA9630400A287E2 /* Products */;
			projectDirPath = "";
			projectRoot = "";
			targets = (
				342346FD2AA9630400A287E2 /* Dequeue */,
				3423470D2AA9630500A287E2 /* DequeueTests */,
				342347172AA9630500A287E2 /* DequeueUITests */,
			);
		};
/* End PBXProject section */

/* Begin PBXResourcesBuildPhase section */
		342346FC2AA9630400A287E2 /* Resources */ = {
			isa = PBXResourcesBuildPhase;
			buildActionMask = 2147483647;
			files = (
				342347092AA9630500A287E2 /* Preview Assets.xcassets in Resources */,
				342347062AA9630500A287E2 /* Assets.xcassets in Resources */,
				34546AD92ADB06BD0065E86D /* OnboardingAnimation.png in Resources */,
			);
			runOnlyForDeploymentPostprocessing = 0;
		};
		3423470C2AA9630500A287E2 /* Resources */ = {
			isa = PBXResourcesBuildPhase;
			buildActionMask = 2147483647;
			files = (
			);
			runOnlyForDeploymentPostprocessing = 0;
		};
		342347162AA9630500A287E2 /* Resources */ = {
			isa = PBXResourcesBuildPhase;
			buildActionMask = 2147483647;
			files = (
			);
			runOnlyForDeploymentPostprocessing = 0;
		};
/* End PBXResourcesBuildPhase section */

/* Begin PBXSourcesBuildPhase section */
		342346FA2AA9630400A287E2 /* Sources */ = {
			isa = PBXSourcesBuildPhase;
			buildActionMask = 2147483647;
			files = (
				34B0E0452B366CD600672566 /* VolumeKnob.swift in Sources */,
				340DB5F82B5CE6140075A0BB /* ActionToggleView.swift in Sources */,
				3423472F2AAA144400A287E2 /* ConnectToHostView.swift in Sources */,
				34E547002B44B47200177A21 /* TestView.swift in Sources */,
				34205B452AADAC5C0083E6C2 /* ActionCreationView.swift in Sources */,
				34DA58F12AAF898000834982 /* HostController.swift in Sources */,
				346FA4E22AC0DF0B00215CEE /* CustomIconPickerView.swift in Sources */,
				34C0AC1F2B33D7FD009D23C1 /* ActionButtonView.swift in Sources */,
				34195DA12AAC25A000EA2FFA /* HomeView.swift in Sources */,
				349F79712AAC416C003062D8 /* ToolbarView.swift in Sources */,
				34195DA32AAC2BFB00EA2FFA /* BackgroundView.swift in Sources */,
				342347042AA9630400A287E2 /* ContentView.swift in Sources */,
				34DA58F62AB233ED00834982 /* BackgroundSettingsView.swift in Sources */,
				34205B402AAD36B00083E6C2 /* SettingsView.swift in Sources */,
				34FF80D32AD67122006A6F2E /* OnboardingView.swift in Sources */,
				34FED8C32B54932D00D11652 /* ActionPage.swift in Sources */,
				3423472C2AA967DF00A287E2 /* HostScanning.swift in Sources */,
				342347022AA9630400A287E2 /* DequeueApp.swift in Sources */,
				346FA4E02AC0C7E400215CEE /* AppState.swift in Sources */,
				3455B1572B4DA6F40049AAEC /* ActionKnobView.swift in Sources */,
				34C2A4142B4EEF5B003FDCB6 /* ActionSlot.swift in Sources */,
				34DBD2572AAA761F00C7D641 /* CustomColors.swift in Sources */,
				342347312AAA408A00A287E2 /* QRCodeScannerView.swift in Sources */,
				34205B432AAD61990083E6C2 /* SubmenuToolbarView.swift in Sources */,
				34DA58F32AB0D92500834982 /* Extensions.swift in Sources */,
			);
			runOnlyForDeploymentPostprocessing = 0;
		};
		3423470A2AA9630500A287E2 /* Sources */ = {
			isa = PBXSourcesBuildPhase;
			buildActionMask = 2147483647;
			files = (
				342347132AA9630500A287E2 /* DequeueTests.swift in Sources */,
			);
			runOnlyForDeploymentPostprocessing = 0;
		};
		342347142AA9630500A287E2 /* Sources */ = {
			isa = PBXSourcesBuildPhase;
			buildActionMask = 2147483647;
			files = (
				3423471D2AA9630500A287E2 /* DequeueUITests.swift in Sources */,
				3423471F2AA9630500A287E2 /* DequeueUITestsLaunchTests.swift in Sources */,
			);
			runOnlyForDeploymentPostprocessing = 0;
		};
/* End PBXSourcesBuildPhase section */

/* Begin PBXTargetDependency section */
		342347102AA9630500A287E2 /* PBXTargetDependency */ = {
			isa = PBXTargetDependency;
			target = 342346FD2AA9630400A287E2 /* Dequeue */;
			targetProxy = 3423470F2AA9630500A287E2 /* PBXContainerItemProxy */;
		};
		3423471A2AA9630500A287E2 /* PBXTargetDependency */ = {
			isa = PBXTargetDependency;
			target = 342346FD2AA9630400A287E2 /* Dequeue */;
			targetProxy = 342347192AA9630500A287E2 /* PBXContainerItemProxy */;
		};
/* End PBXTargetDependency section */

/* Begin XCBuildConfiguration section */
		342347202AA9630500A287E2 /* Debug */ = {
			isa = XCBuildConfiguration;
			buildSettings = {
				ALWAYS_SEARCH_USER_PATHS = NO;
				CLANG_ANALYZER_NONNULL = YES;
				CLANG_ANALYZER_NUMBER_OBJECT_CONVERSION = YES_AGGRESSIVE;
				CLANG_CXX_LANGUAGE_STANDARD = "gnu++20";
				CLANG_ENABLE_MODULES = YES;
				CLANG_ENABLE_OBJC_ARC = YES;
				CLANG_ENABLE_OBJC_WEAK = YES;
				CLANG_WARN_BLOCK_CAPTURE_AUTORELEASING = YES;
				CLANG_WARN_BOOL_CONVERSION = YES;
				CLANG_WARN_COMMA = YES;
				CLANG_WARN_CONSTANT_CONVERSION = YES;
				CLANG_WARN_DEPRECATED_OBJC_IMPLEMENTATIONS = YES;
				CLANG_WARN_DIRECT_OBJC_ISA_USAGE = YES_ERROR;
				CLANG_WARN_DOCUMENTATION_COMMENTS = YES;
				CLANG_WARN_EMPTY_BODY = YES;
				CLANG_WARN_ENUM_CONVERSION = YES;
				CLANG_WARN_INFINITE_RECURSION = YES;
				CLANG_WARN_INT_CONVERSION = YES;
				CLANG_WARN_NON_LITERAL_NULL_CONVERSION = YES;
				CLANG_WARN_OBJC_IMPLICIT_RETAIN_SELF = YES;
				CLANG_WARN_OBJC_LITERAL_CONVERSION = YES;
				CLANG_WARN_OBJC_ROOT_CLASS = YES_ERROR;
				CLANG_WARN_QUOTED_INCLUDE_IN_FRAMEWORK_HEADER = YES;
				CLANG_WARN_RANGE_LOOP_ANALYSIS = YES;
				CLANG_WARN_STRICT_PROTOTYPES = YES;
				CLANG_WARN_SUSPICIOUS_MOVE = YES;
				CLANG_WARN_UNGUARDED_AVAILABILITY = YES_AGGRESSIVE;
				CLANG_WARN_UNREACHABLE_CODE = YES;
				CLANG_WARN__DUPLICATE_METHOD_MATCH = YES;
				COPY_PHASE_STRIP = NO;
				DEBUG_INFORMATION_FORMAT = dwarf;
				ENABLE_STRICT_OBJC_MSGSEND = YES;
				ENABLE_TESTABILITY = YES;
				ENABLE_USER_SCRIPT_SANDBOXING = YES;
				GCC_C_LANGUAGE_STANDARD = gnu11;
				GCC_DYNAMIC_NO_PIC = NO;
				GCC_NO_COMMON_BLOCKS = YES;
				GCC_OPTIMIZATION_LEVEL = 0;
				GCC_PREPROCESSOR_DEFINITIONS = (
					"DEBUG=1",
					"$(inherited)",
				);
				GCC_WARN_64_TO_32_BIT_CONVERSION = YES;
				GCC_WARN_ABOUT_RETURN_TYPE = YES_ERROR;
				GCC_WARN_UNDECLARED_SELECTOR = YES;
				GCC_WARN_UNINITIALIZED_AUTOS = YES_AGGRESSIVE;
				GCC_WARN_UNUSED_FUNCTION = YES;
				GCC_WARN_UNUSED_VARIABLE = YES;
				IPHONEOS_DEPLOYMENT_TARGET = 17.0;
				MTL_ENABLE_DEBUG_INFO = INCLUDE_SOURCE;
				MTL_FAST_MATH = YES;
				ONLY_ACTIVE_ARCH = YES;
				SDKROOT = iphoneos;
				SWIFT_ACTIVE_COMPILATION_CONDITIONS = DEBUG;
				SWIFT_OPTIMIZATION_LEVEL = "-Onone";
			};
			name = Debug;
		};
		342347212AA9630500A287E2 /* Release */ = {
			isa = XCBuildConfiguration;
			buildSettings = {
				ALWAYS_SEARCH_USER_PATHS = NO;
				CLANG_ANALYZER_NONNULL = YES;
				CLANG_ANALYZER_NUMBER_OBJECT_CONVERSION = YES_AGGRESSIVE;
				CLANG_CXX_LANGUAGE_STANDARD = "gnu++20";
				CLANG_ENABLE_MODULES = YES;
				CLANG_ENABLE_OBJC_ARC = YES;
				CLANG_ENABLE_OBJC_WEAK = YES;
				CLANG_WARN_BLOCK_CAPTURE_AUTORELEASING = YES;
				CLANG_WARN_BOOL_CONVERSION = YES;
				CLANG_WARN_COMMA = YES;
				CLANG_WARN_CONSTANT_CONVERSION = YES;
				CLANG_WARN_DEPRECATED_OBJC_IMPLEMENTATIONS = YES;
				CLANG_WARN_DIRECT_OBJC_ISA_USAGE = YES_ERROR;
				CLANG_WARN_DOCUMENTATION_COMMENTS = YES;
				CLANG_WARN_EMPTY_BODY = YES;
				CLANG_WARN_ENUM_CONVERSION = YES;
				CLANG_WARN_INFINITE_RECURSION = YES;
				CLANG_WARN_INT_CONVERSION = YES;
				CLANG_WARN_NON_LITERAL_NULL_CONVERSION = YES;
				CLANG_WARN_OBJC_IMPLICIT_RETAIN_SELF = YES;
				CLANG_WARN_OBJC_LITERAL_CONVERSION = YES;
				CLANG_WARN_OBJC_ROOT_CLASS = YES_ERROR;
				CLANG_WARN_QUOTED_INCLUDE_IN_FRAMEWORK_HEADER = YES;
				CLANG_WARN_RANGE_LOOP_ANALYSIS = YES;
				CLANG_WARN_STRICT_PROTOTYPES = YES;
				CLANG_WARN_SUSPICIOUS_MOVE = YES;
				CLANG_WARN_UNGUARDED_AVAILABILITY = YES_AGGRESSIVE;
				CLANG_WARN_UNREACHABLE_CODE = YES;
				CLANG_WARN__DUPLICATE_METHOD_MATCH = YES;
				COPY_PHASE_STRIP = NO;
				DEBUG_INFORMATION_FORMAT = "dwarf-with-dsym";
				ENABLE_NS_ASSERTIONS = NO;
				ENABLE_STRICT_OBJC_MSGSEND = YES;
				ENABLE_USER_SCRIPT_SANDBOXING = YES;
				GCC_C_LANGUAGE_STANDARD = gnu11;
				GCC_NO_COMMON_BLOCKS = YES;
				GCC_WARN_64_TO_32_BIT_CONVERSION = YES;
				GCC_WARN_ABOUT_RETURN_TYPE = YES_ERROR;
				GCC_WARN_UNDECLARED_SELECTOR = YES;
				GCC_WARN_UNINITIALIZED_AUTOS = YES_AGGRESSIVE;
				GCC_WARN_UNUSED_FUNCTION = YES;
				GCC_WARN_UNUSED_VARIABLE = YES;
				IPHONEOS_DEPLOYMENT_TARGET = 17.0;
				MTL_ENABLE_DEBUG_INFO = NO;
				MTL_FAST_MATH = YES;
				SDKROOT = iphoneos;
				SWIFT_COMPILATION_MODE = wholemodule;
				SWIFT_OPTIMIZATION_LEVEL = "-O";
				VALIDATE_PRODUCT = YES;
			};
			name = Release;
		};
		342347232AA9630500A287E2 /* Debug */ = {
			isa = XCBuildConfiguration;
			buildSettings = {
				ASSETCATALOG_COMPILER_APPICON_NAME = AppIcon;
				ASSETCATALOG_COMPILER_GLOBAL_ACCENT_COLOR_NAME = AccentColor;
				CODE_SIGN_STYLE = Automatic;
				CURRENT_PROJECT_VERSION = 1;
				DEVELOPMENT_ASSET_PATHS = "\"Dequeue/Preview Content\"";
				DEVELOPMENT_TEAM = LN92DAL645;
				ENABLE_PREVIEWS = YES;
				GENERATE_INFOPLIST_FILE = YES;
				INFOPLIST_FILE = Dequeue/Info.plist;
				INFOPLIST_KEY_CFBundleDisplayName = Gizmo;
				INFOPLIST_KEY_NSCameraUsageDescription = "The camera is used to scan QR codes from your computer!";
				INFOPLIST_KEY_NSLocalNetworkUsageDescription = PLEASE;
				INFOPLIST_KEY_UIApplicationSceneManifest_Generation = YES;
				INFOPLIST_KEY_UIApplicationSupportsIndirectInputEvents = YES;
				INFOPLIST_KEY_UILaunchScreen_Generation = YES;
				INFOPLIST_KEY_UISupportedInterfaceOrientations = UIInterfaceOrientationPortrait;
				INFOPLIST_KEY_UISupportedInterfaceOrientations_iPad = "UIInterfaceOrientationLandscapeLeft UIInterfaceOrientationLandscapeRight UIInterfaceOrientationPortrait UIInterfaceOrientationPortraitUpsideDown";
				LD_RUNPATH_SEARCH_PATHS = (
					"$(inherited)",
					"@executable_path/Frameworks",
				);
				MARKETING_VERSION = 1.0.1;
				PRODUCT_BUNDLE_IDENTIFIER = info.matthewsand.GizmoApp;
				PRODUCT_NAME = "$(TARGET_NAME)";
				SWIFT_EMIT_LOC_STRINGS = YES;
				SWIFT_VERSION = 5.0;
				TARGETED_DEVICE_FAMILY = "1,2";
			};
			name = Debug;
		};
		342347242AA9630500A287E2 /* Release */ = {
			isa = XCBuildConfiguration;
			buildSettings = {
				ASSETCATALOG_COMPILER_APPICON_NAME = AppIcon;
				ASSETCATALOG_COMPILER_GLOBAL_ACCENT_COLOR_NAME = AccentColor;
				CODE_SIGN_STYLE = Automatic;
				CURRENT_PROJECT_VERSION = 1;
				DEVELOPMENT_ASSET_PATHS = "\"Dequeue/Preview Content\"";
				DEVELOPMENT_TEAM = Z78FG6GVXZ;
				ENABLE_PREVIEWS = YES;
				GENERATE_INFOPLIST_FILE = YES;
				INFOPLIST_FILE = Dequeue/Info.plist;
				INFOPLIST_KEY_CFBundleDisplayName = Gizmo;
				INFOPLIST_KEY_NSCameraUsageDescription = "The camera is used to scan QR codes from your computer!";
				INFOPLIST_KEY_NSLocalNetworkUsageDescription = PLEASE;
				INFOPLIST_KEY_UIApplicationSceneManifest_Generation = YES;
				INFOPLIST_KEY_UIApplicationSupportsIndirectInputEvents = YES;
				INFOPLIST_KEY_UILaunchScreen_Generation = YES;
				INFOPLIST_KEY_UISupportedInterfaceOrientations = UIInterfaceOrientationPortrait;
				INFOPLIST_KEY_UISupportedInterfaceOrientations_iPad = "UIInterfaceOrientationLandscapeLeft UIInterfaceOrientationLandscapeRight UIInterfaceOrientationPortrait UIInterfaceOrientationPortraitUpsideDown";
				LD_RUNPATH_SEARCH_PATHS = (
					"$(inherited)",
					"@executable_path/Frameworks",
				);
				MARKETING_VERSION = 1.0.1;
				PRODUCT_BUNDLE_IDENTIFIER = info.matthewsand.Gizmo;
				PRODUCT_NAME = "$(TARGET_NAME)";
				SWIFT_EMIT_LOC_STRINGS = YES;
				SWIFT_VERSION = 5.0;
				TARGETED_DEVICE_FAMILY = "1,2";
			};
			name = Release;
		};
		342347262AA9630500A287E2 /* Debug */ = {
			isa = XCBuildConfiguration;
			buildSettings = {
				ALWAYS_EMBED_SWIFT_STANDARD_LIBRARIES = YES;
				BUNDLE_LOADER = "$(TEST_HOST)";
				CODE_SIGN_STYLE = Automatic;
				CURRENT_PROJECT_VERSION = 1;
				DEVELOPMENT_TEAM = LN92DAL645;
				GENERATE_INFOPLIST_FILE = YES;
				IPHONEOS_DEPLOYMENT_TARGET = 16.4;
				MARKETING_VERSION = 1.0;
				PRODUCT_BUNDLE_IDENTIFIER = info.matthewsand.DequeueTests;
				PRODUCT_NAME = "$(TARGET_NAME)";
				SWIFT_EMIT_LOC_STRINGS = NO;
				SWIFT_VERSION = 5.0;
				TARGETED_DEVICE_FAMILY = "1,2";
				TEST_HOST = "$(BUILT_PRODUCTS_DIR)/Dequeue.app/$(BUNDLE_EXECUTABLE_FOLDER_PATH)/Dequeue";
			};
			name = Debug;
		};
		342347272AA9630500A287E2 /* Release */ = {
			isa = XCBuildConfiguration;
			buildSettings = {
				ALWAYS_EMBED_SWIFT_STANDARD_LIBRARIES = YES;
				BUNDLE_LOADER = "$(TEST_HOST)";
				CODE_SIGN_STYLE = Automatic;
				CURRENT_PROJECT_VERSION = 1;
				DEVELOPMENT_TEAM = LN92DAL645;
				GENERATE_INFOPLIST_FILE = YES;
				IPHONEOS_DEPLOYMENT_TARGET = 16.4;
				MARKETING_VERSION = 1.0;
				PRODUCT_BUNDLE_IDENTIFIER = info.matthewsand.DequeueTests;
				PRODUCT_NAME = "$(TARGET_NAME)";
				SWIFT_EMIT_LOC_STRINGS = NO;
				SWIFT_VERSION = 5.0;
				TARGETED_DEVICE_FAMILY = "1,2";
				TEST_HOST = "$(BUILT_PRODUCTS_DIR)/Dequeue.app/$(BUNDLE_EXECUTABLE_FOLDER_PATH)/Dequeue";
			};
			name = Release;
		};
		342347292AA9630500A287E2 /* Debug */ = {
			isa = XCBuildConfiguration;
			buildSettings = {
				ALWAYS_EMBED_SWIFT_STANDARD_LIBRARIES = YES;
				CODE_SIGN_STYLE = Automatic;
				CURRENT_PROJECT_VERSION = 1;
				DEVELOPMENT_TEAM = LN92DAL645;
				GENERATE_INFOPLIST_FILE = YES;
				MARKETING_VERSION = 1.0;
				PRODUCT_BUNDLE_IDENTIFIER = info.matthewsand.DequeueUITests;
				PRODUCT_NAME = "$(TARGET_NAME)";
				SWIFT_EMIT_LOC_STRINGS = NO;
				SWIFT_VERSION = 5.0;
				TARGETED_DEVICE_FAMILY = "1,2";
				TEST_TARGET_NAME = Dequeue;
			};
			name = Debug;
		};
		3423472A2AA9630500A287E2 /* Release */ = {
			isa = XCBuildConfiguration;
			buildSettings = {
				ALWAYS_EMBED_SWIFT_STANDARD_LIBRARIES = YES;
				CODE_SIGN_STYLE = Automatic;
				CURRENT_PROJECT_VERSION = 1;
				DEVELOPMENT_TEAM = LN92DAL645;
				GENERATE_INFOPLIST_FILE = YES;
				MARKETING_VERSION = 1.0;
				PRODUCT_BUNDLE_IDENTIFIER = info.matthewsand.DequeueUITests;
				PRODUCT_NAME = "$(TARGET_NAME)";
				SWIFT_EMIT_LOC_STRINGS = NO;
				SWIFT_VERSION = 5.0;
				TARGETED_DEVICE_FAMILY = "1,2";
				TEST_TARGET_NAME = Dequeue;
			};
			name = Release;
		};
/* End XCBuildConfiguration section */

/* Begin XCConfigurationList section */
		342346F92AA9630400A287E2 /* Build configuration list for PBXProject "Dequeue" */ = {
			isa = XCConfigurationList;
			buildConfigurations = (
				342347202AA9630500A287E2 /* Debug */,
				342347212AA9630500A287E2 /* Release */,
			);
			defaultConfigurationIsVisible = 0;
			defaultConfigurationName = Release;
		};
		342347222AA9630500A287E2 /* Build configuration list for PBXNativeTarget "Dequeue" */ = {
			isa = XCConfigurationList;
			buildConfigurations = (
				342347232AA9630500A287E2 /* Debug */,
				342347242AA9630500A287E2 /* Release */,
			);
			defaultConfigurationIsVisible = 0;
			defaultConfigurationName = Release;
		};
		342347252AA9630500A287E2 /* Build configuration list for PBXNativeTarget "DequeueTests" */ = {
			isa = XCConfigurationList;
			buildConfigurations = (
				342347262AA9630500A287E2 /* Debug */,
				342347272AA9630500A287E2 /* Release */,
			);
			defaultConfigurationIsVisible = 0;
			defaultConfigurationName = Release;
		};
		342347282AA9630500A287E2 /* Build configuration list for PBXNativeTarget "DequeueUITests" */ = {
			isa = XCConfigurationList;
			buildConfigurations = (
				342347292AA9630500A287E2 /* Debug */,
				3423472A2AA9630500A287E2 /* Release */,
			);
			defaultConfigurationIsVisible = 0;
			defaultConfigurationName = Release;
		};
/* End XCConfigurationList section */

/* Begin XCRemoteSwiftPackageReference section */
		342347322AAA461D00A287E2 /* XCRemoteSwiftPackageReference "CodeScanner" */ = {
			isa = XCRemoteSwiftPackageReference;
			repositoryURL = "https://github.com/twostraws/CodeScanner";
			requirement = {
				kind = upToNextMajorVersion;
				minimumVersion = 2.0.0;
			};
		};
		34546ACE2ADAFCA90065E86D /* XCRemoteSwiftPackageReference "swiftui-gif" */ = {
			isa = XCRemoteSwiftPackageReference;
			repositoryURL = "https://github.com/globulus/swiftui-gif.git";
			requirement = {
				kind = upToNextMajorVersion;
				minimumVersion = 1.0.1;
			};
		};
		34546AD42ADB06640065E86D /* XCRemoteSwiftPackageReference "SDWebImageSwiftUI" */ = {
			isa = XCRemoteSwiftPackageReference;
			repositoryURL = "https://github.com/SDWebImage/SDWebImageSwiftUI.git";
			requirement = {
				kind = upToNextMajorVersion;
				minimumVersion = 2.2.3;
			};
		};
		34C1000B2AAE991F003F048E /* XCRemoteSwiftPackageReference "SymbolPicker" */ = {
			isa = XCRemoteSwiftPackageReference;
			repositoryURL = "https://github.com/xnth97/SymbolPicker.git";
			requirement = {
				kind = upToNextMajorVersion;
				minimumVersion = 1.5.0;
			};
		};
		34C1000E2AAEB0BF003F048E /* XCRemoteSwiftPackageReference "SystemImagePicker" */ = {
			isa = XCRemoteSwiftPackageReference;
			repositoryURL = "https://github.com/sbertix/SystemImagePicker.git";
			requirement = {
				kind = upToNextMajorVersion;
				minimumVersion = 0.1.0;
			};
		};
/* End XCRemoteSwiftPackageReference section */

/* Begin XCSwiftPackageProductDependency section */
		342347332AAA461D00A287E2 /* CodeScanner */ = {
			isa = XCSwiftPackageProductDependency;
			package = 342347322AAA461D00A287E2 /* XCRemoteSwiftPackageReference "CodeScanner" */;
			productName = CodeScanner;
		};
		34546ACF2ADAFCA90065E86D /* SwiftUIGIF */ = {
			isa = XCSwiftPackageProductDependency;
			package = 34546ACE2ADAFCA90065E86D /* XCRemoteSwiftPackageReference "swiftui-gif" */;
			productName = SwiftUIGIF;
		};
		34546AD52ADB06640065E86D /* SDWebImageSwiftUI */ = {
			isa = XCSwiftPackageProductDependency;
			package = 34546AD42ADB06640065E86D /* XCRemoteSwiftPackageReference "SDWebImageSwiftUI" */;
			productName = SDWebImageSwiftUI;
		};
		34C1000C2AAE991F003F048E /* SymbolPicker */ = {
			isa = XCSwiftPackageProductDependency;
			package = 34C1000B2AAE991F003F048E /* XCRemoteSwiftPackageReference "SymbolPicker" */;
			productName = SymbolPicker;
		};
		34C1000F2AAEB0BF003F048E /* SystemImagePicker */ = {
			isa = XCSwiftPackageProductDependency;
			package = 34C1000E2AAEB0BF003F048E /* XCRemoteSwiftPackageReference "SystemImagePicker" */;
			productName = SystemImagePicker;
		};
/* End XCSwiftPackageProductDependency section */
	};
	rootObject = 342346F62AA9630400A287E2 /* Project object */;
}
